// !$*UTF8*$!
{
	archiveVersion = 1;
	classes = {
	};
	objectVersion = 50;
	objects = {

/* Begin PBXBuildFile section */
		A3CD1EBB21B5840A0059396A /* AppDelegate.swift in Sources */ = {isa = PBXBuildFile; fileRef = A3CD1EBA21B5840A0059396A /* AppDelegate.swift */; };
		A3CD1EBD21B5840A0059396A /* ViewController.swift in Sources */ = {isa = PBXBuildFile; fileRef = A3CD1EBC21B5840A0059396A /* ViewController.swift */; };
		A3CD1EC021B5840A0059396A /* Main.storyboard in Resources */ = {isa = PBXBuildFile; fileRef = A3CD1EBE21B5840A0059396A /* Main.storyboard */; };
		A3CD1EC321B5840A0059396A /* InventoryApp.xcdatamodeld in Sources */ = {isa = PBXBuildFile; fileRef = A3CD1EC121B5840A0059396A /* InventoryApp.xcdatamodeld */; };
		A3CD1EC521B5840D0059396A /* Assets.xcassets in Resources */ = {isa = PBXBuildFile; fileRef = A3CD1EC421B5840D0059396A /* Assets.xcassets */; };
		A3CD1EC821B5840D0059396A /* LaunchScreen.storyboard in Resources */ = {isa = PBXBuildFile; fileRef = A3CD1EC621B5840D0059396A /* LaunchScreen.storyboard */; };
		A3CD1ED321B5840D0059396A /* InventoryAppTests.swift in Sources */ = {isa = PBXBuildFile; fileRef = A3CD1ED221B5840D0059396A /* InventoryAppTests.swift */; };
/* End PBXBuildFile section */

/* Begin PBXContainerItemProxy section */
		A3CD1ECF21B5840D0059396A /* PBXContainerItemProxy */ = {
			isa = PBXContainerItemProxy;
			containerPortal = A3CD1EAF21B5840A0059396A /* Project object */;
			proxyType = 1;
			remoteGlobalIDString = A3CD1EB621B5840A0059396A;
			remoteInfo = InventoryApp;
		};
/* End PBXContainerItemProxy section */

/* Begin PBXFileReference section */
		A3CD1EB721B5840A0059396A /* InventoryApp.app */ = {isa = PBXFileReference; explicitFileType = wrapper.application; includeInIndex = 0; path = InventoryApp.app; sourceTree = BUILT_PRODUCTS_DIR; };
		A3CD1EBA21B5840A0059396A /* AppDelegate.swift */ = {isa = PBXFileReference; lastKnownFileType = sourcecode.swift; path = AppDelegate.swift; sourceTree = "<group>"; };
		A3CD1EBC21B5840A0059396A /* ViewController.swift */ = {isa = PBXFileReference; lastKnownFileType = sourcecode.swift; path = ViewController.swift; sourceTree = "<group>"; };
		A3CD1EBF21B5840A0059396A /* Base */ = {isa = PBXFileReference; lastKnownFileType = file.storyboard; name = Base; path = Base.lproj/Main.storyboard; sourceTree = "<group>"; };
		A3CD1EC221B5840A0059396A /* InventoryApp.xcdatamodel */ = {isa = PBXFileReference; lastKnownFileType = wrapper.xcdatamodel; path = InventoryApp.xcdatamodel; sourceTree = "<group>"; };
		A3CD1EC421B5840D0059396A /* Assets.xcassets */ = {isa = PBXFileReference; lastKnownFileType = folder.assetcatalog; path = Assets.xcassets; sourceTree = "<group>"; };
		A3CD1EC721B5840D0059396A /* Base */ = {isa = PBXFileReference; lastKnownFileType = file.storyboard; name = Base; path = Base.lproj/LaunchScreen.storyboard; sourceTree = "<group>"; };
		A3CD1EC921B5840D0059396A /* Info.plist */ = {isa = PBXFileReference; lastKnownFileType = text.plist.xml; path = Info.plist; sourceTree = "<group>"; };
		A3CD1ECE21B5840D0059396A /* InventoryAppTests.xctest */ = {isa = PBXFileReference; explicitFileType = wrapper.cfbundle; includeInIndex = 0; path = InventoryAppTests.xctest; sourceTree = BUILT_PRODUCTS_DIR; };
		A3CD1ED221B5840D0059396A /* InventoryAppTests.swift */ = {isa = PBXFileReference; lastKnownFileType = sourcecode.swift; path = InventoryAppTests.swift; sourceTree = "<group>"; };
		A3CD1ED421B5840D0059396A /* Info.plist */ = {isa = PBXFileReference; lastKnownFileType = text.plist.xml; path = Info.plist; sourceTree = "<group>"; };
/* End PBXFileReference section */

/* Begin PBXFrameworksBuildPhase section */
		A3CD1EB421B5840A0059396A /* Frameworks */ = {
			isa = PBXFrameworksBuildPhase;
			buildActionMask = 2147483647;
			files = (
			);
			runOnlyForDeploymentPostprocessing = 0;
		};
		A3CD1ECB21B5840D0059396A /* Frameworks */ = {
			isa = PBXFrameworksBuildPhase;
			buildActionMask = 2147483647;
			files = (
			);
			runOnlyForDeploymentPostprocessing = 0;
		};
/* End PBXFrameworksBuildPhase section */

/* Begin PBXGroup section */
		A3CD1EAE21B5840A0059396A = {
			isa = PBXGroup;
			children = (
				A3CD1EB921B5840A0059396A /* InventoryApp */,
				A3CD1ED121B5840D0059396A /* InventoryAppTests */,
				A3CD1EB821B5840A0059396A /* Products */,
			);
			sourceTree = "<group>";
		};
		A3CD1EB821B5840A0059396A /* Products */ = {
			isa = PBXGroup;
			children = (
				A3CD1EB721B5840A0059396A /* InventoryApp.app */,
				A3CD1ECE21B5840D0059396A /* InventoryAppTests.xctest */,
			);
			name = Products;
			sourceTree = "<group>";
		};
		A3CD1EB921B5840A0059396A /* InventoryApp */ = {
			isa = PBXGroup;
			children = (
				A3CD1EBA21B5840A0059396A /* AppDelegate.swift */,
				A3CD1EBC21B5840A0059396A /* ViewController.swift */,
				A3CD1EBE21B5840A0059396A /* Main.storyboard */,
				A3CD1EC421B5840D0059396A /* Assets.xcassets */,
				A3CD1EC621B5840D0059396A /* LaunchScreen.storyboard */,
				A3CD1EC921B5840D0059396A /* Info.plist */,
				A3CD1EC121B5840A0059396A /* InventoryApp.xcdatamodeld */,
			);
			path = InventoryApp;
			sourceTree = "<group>";
		};
		A3CD1ED121B5840D0059396A /* InventoryAppTests */ = {
			isa = PBXGroup;
			children = (
				A3CD1ED221B5840D0059396A /* InventoryAppTests.swift */,
				A3CD1ED421B5840D0059396A /* Info.plist */,
			);
			path = InventoryAppTests;
			sourceTree = "<group>";
		};
/* End PBXGroup section */

/* Begin PBXNativeTarget section */
		A3CD1EB621B5840A0059396A /* InventoryApp */ = {
			isa = PBXNativeTarget;
			buildConfigurationList = A3CD1ED721B5840D0059396A /* Build configuration list for PBXNativeTarget "InventoryApp" */;
			buildPhases = (
				A3CD1EB321B5840A0059396A /* Sources */,
				A3CD1EB421B5840A0059396A /* Frameworks */,
				A3CD1EB521B5840A0059396A /* Resources */,
			);
			buildRules = (
			);
			dependencies = (
			);
			name = InventoryApp;
			productName = InventoryApp;
			productReference = A3CD1EB721B5840A0059396A /* InventoryApp.app */;
			productType = "com.apple.product-type.application";
		};
		A3CD1ECD21B5840D0059396A /* InventoryAppTests */ = {
			isa = PBXNativeTarget;
			buildConfigurationList = A3CD1EDA21B5840D0059396A /* Build configuration list for PBXNativeTarget "InventoryAppTests" */;
			buildPhases = (
				A3CD1ECA21B5840D0059396A /* Sources */,
				A3CD1ECB21B5840D0059396A /* Frameworks */,
				A3CD1ECC21B5840D0059396A /* Resources */,
			);
			buildRules = (
			);
			dependencies = (
				A3CD1ED021B5840D0059396A /* PBXTargetDependency */,
			);
			name = InventoryAppTests;
			productName = InventoryAppTests;
			productReference = A3CD1ECE21B5840D0059396A /* InventoryAppTests.xctest */;
			productType = "com.apple.product-type.bundle.unit-test";
		};
/* End PBXNativeTarget section */

/* Begin PBXProject section */
		A3CD1EAF21B5840A0059396A /* Project object */ = {
			isa = PBXProject;
			attributes = {
				LastSwiftUpdateCheck = 0940;
				LastUpgradeCheck = 0940;
				ORGANIZATIONNAME = sunny;
				TargetAttributes = {
					A3CD1EB621B5840A0059396A = {
						CreatedOnToolsVersion = 9.4.1;
					};
					A3CD1ECD21B5840D0059396A = {
						CreatedOnToolsVersion = 9.4.1;
						TestTargetID = A3CD1EB621B5840A0059396A;
					};
				};
			};
			buildConfigurationList = A3CD1EB221B5840A0059396A /* Build configuration list for PBXProject "InventoryApp" */;
			compatibilityVersion = "Xcode 9.3";
			developmentRegion = en;
			hasScannedForEncodings = 0;
			knownRegions = (
				en,
				Base,
			);
			mainGroup = A3CD1EAE21B5840A0059396A;
			productRefGroup = A3CD1EB821B5840A0059396A /* Products */;
			projectDirPath = "";
			projectRoot = "";
			targets = (
				A3CD1EB621B5840A0059396A /* InventoryApp */,
				A3CD1ECD21B5840D0059396A /* InventoryAppTests */,
			);
		};
/* End PBXProject section */

/* Begin PBXResourcesBuildPhase section */
		A3CD1EB521B5840A0059396A /* Resources */ = {
			isa = PBXResourcesBuildPhase;
			buildActionMask = 2147483647;
			files = (
				A3CD1EC821B5840D0059396A /* LaunchScreen.storyboard in Resources */,
				A3CD1EC521B5840D0059396A /* Assets.xcassets in Resources */,
				A3CD1EC021B5840A0059396A /* Main.storyboard in Resources */,
			);
			runOnlyForDeploymentPostprocessing = 0;
		};
		A3CD1ECC21B5840D0059396A /* Resources */ = {
			isa = PBXResourcesBuildPhase;
			buildActionMask = 2147483647;
			files = (
			);
			runOnlyForDeploymentPostprocessing = 0;
		};
/* End PBXResourcesBuildPhase section */

/* Begin PBXSourcesBuildPhase section */
		A3CD1EB321B5840A0059396A /* Sources */ = {
			isa = PBXSourcesBuildPhase;
			buildActionMask = 2147483647;
			files = (
				A3CD1EC321B5840A0059396A /* InventoryApp.xcdatamodeld in Sources */,
				A3CD1EBD21B5840A0059396A /* ViewController.swift in Sources */,
				A3CD1EBB21B5840A0059396A /* AppDelegate.swift in Sources */,
			);
			runOnlyForDeploymentPostprocessing = 0;
		};
		A3CD1ECA21B5840D0059396A /* Sources */ = {
			isa = PBXSourcesBuildPhase;
			buildActionMask = 2147483647;
			files = (
				A3CD1ED321B5840D0059396A /* InventoryAppTests.swift in Sources */,
			);
			runOnlyForDeploymentPostprocessing = 0;
		};
/* End PBXSourcesBuildPhase section */

/* Begin PBXTargetDependency section */
		A3CD1ED021B5840D0059396A /* PBXTargetDependency */ = {
			isa = PBXTargetDependency;
			target = A3CD1EB621B5840A0059396A /* InventoryApp */;
			targetProxy = A3CD1ECF21B5840D0059396A /* PBXContainerItemProxy */;
		};
/* End PBXTargetDependency section */

/* Begin PBXVariantGroup section */
		A3CD1EBE21B5840A0059396A /* Main.storyboard */ = {
			isa = PBXVariantGroup;
			children = (
				A3CD1EBF21B5840A0059396A /* Base */,
			);
			name = Main.storyboard;
			sourceTree = "<group>";
		};
		A3CD1EC621B5840D0059396A /* LaunchScreen.storyboard */ = {
			isa = PBXVariantGroup;
			children = (
				A3CD1EC721B5840D0059396A /* Base */,
			);
			name = LaunchScreen.storyboard;
			sourceTree = "<group>";
		};
/* End PBXVariantGroup section */

/* Begin XCBuildConfiguration section */
		A3CD1ED521B5840D0059396A /* Debug */ = {
			isa = XCBuildConfiguration;
			buildSettings = {
				ALWAYS_SEARCH_USER_PATHS = NO;
				CLANG_ANALYZER_NONNULL = YES;
				CLANG_ANALYZER_NUMBER_OBJECT_CONVERSION = YES_AGGRESSIVE;
				CLANG_CXX_LANGUAGE_STANDARD = "gnu++14";
				CLANG_CXX_LIBRARY = "libc++";
				CLANG_ENABLE_MODULES = YES;
				CLANG_ENABLE_OBJC_ARC = YES;
				CLANG_ENABLE_OBJC_WEAK = YES;
				CLANG_WARN_BLOCK_CAPTURE_AUTORELEASING = YES;
				CLANG_WARN_BOOL_CONVERSION = YES;
				CLANG_WARN_COMMA = YES;
				CLANG_WARN_CONSTANT_CONVERSION = YES;
				CLANG_WARN_DEPRECATED_OBJC_IMPLEMENTATIONS = YES;
				CLANG_WARN_DIRECT_OBJC_ISA_USAGE = YES_ERROR;
				CLANG_WARN_DOCUMENTATION_COMMENTS = YES;
				CLANG_WARN_EMPTY_BODY = YES;
				CLANG_WARN_ENUM_CONVERSION = YES;
				CLANG_WARN_INFINITE_RECURSION = YES;
				CLANG_WARN_INT_CONVERSION = YES;
				CLANG_WARN_NON_LITERAL_NULL_CONVERSION = YES;
				CLANG_WARN_OBJC_IMPLICIT_RETAIN_SELF = YES;
				CLANG_WARN_OBJC_LITERAL_CONVERSION = YES;
				CLANG_WARN_OBJC_ROOT_CLASS = YES_ERROR;
				CLANG_WARN_RANGE_LOOP_ANALYSIS = YES;
				CLANG_WARN_STRICT_PROTOTYPES = YES;
				CLANG_WARN_SUSPICIOUS_MOVE = YES;
				CLANG_WARN_UNGUARDED_AVAILABILITY = YES_AGGRESSIVE;
				CLANG_WARN_UNREACHABLE_CODE = YES;
				CLANG_WARN__DUPLICATE_METHOD_MATCH = YES;
				CODE_SIGN_IDENTITY = "iPhone Developer";
				COPY_PHASE_STRIP = NO;
				DEBUG_INFORMATION_FORMAT = dwarf;
				ENABLE_STRICT_OBJC_MSGSEND = YES;
				ENABLE_TESTABILITY = YES;
				GCC_C_LANGUAGE_STANDARD = gnu11;
				GCC_DYNAMIC_NO_PIC = NO;
				GCC_NO_COMMON_BLOCKS = YES;
				GCC_OPTIMIZATION_LEVEL = 0;
				GCC_PREPROCESSOR_DEFINITIONS = (
					"DEBUG=1",
					"$(inherited)",
				);
				GCC_WARN_64_TO_32_BIT_CONVERSION = YES;
				GCC_WARN_ABOUT_RETURN_TYPE = YES_ERROR;
				GCC_WARN_UNDECLARED_SELECTOR = YES;
				GCC_WARN_UNINITIALIZED_AUTOS = YES_AGGRESSIVE;
				GCC_WARN_UNUSED_FUNCTION = YES;
				GCC_WARN_UNUSED_VARIABLE = YES;
				IPHONEOS_DEPLOYMENT_TARGET = 11.4;
				MTL_ENABLE_DEBUG_INFO = YES;
				ONLY_ACTIVE_ARCH = YES;
				SDKROOT = iphoneos;
				SWIFT_ACTIVE_COMPILATION_CONDITIONS = DEBUG;
				SWIFT_OPTIMIZATION_LEVEL = "-Onone";
			};
			name = Debug;
		};
		A3CD1ED621B5840D0059396A /* Release */ = {
			isa = XCBuildConfiguration;
			buildSettings = {
				ALWAYS_SEARCH_USER_PATHS = NO;
				CLANG_ANALYZER_NONNULL = YES;
				CLANG_ANALYZER_NUMBER_OBJECT_CONVERSION = YES_AGGRESSIVE;
				CLANG_CXX_LANGUAGE_STANDARD = "gnu++14";
				CLANG_CXX_LIBRARY = "libc++";
				CLANG_ENABLE_MODULES = YES;
				CLANG_ENABLE_OBJC_ARC = YES;
				CLANG_ENABLE_OBJC_WEAK = YES;
				CLANG_WARN_BLOCK_CAPTURE_AUTORELEASING = YES;
				CLANG_WARN_BOOL_CONVERSION = YES;
				CLANG_WARN_COMMA = YES;
				CLANG_WARN_CONSTANT_CONVERSION = YES;
				CLANG_WARN_DEPRECATED_OBJC_IMPLEMENTATIONS = YES;
				CLANG_WARN_DIRECT_OBJC_ISA_USAGE = YES_ERROR;
				CLANG_WARN_DOCUMENTATION_COMMENTS = YES;
				CLANG_WARN_EMPTY_BODY = YES;
				CLANG_WARN_ENUM_CONVERSION = YES;
				CLANG_WARN_INFINITE_RECURSION = YES;
				CLANG_WARN_INT_CONVERSION = YES;
				CLANG_WARN_NON_LITERAL_NULL_CONVERSION = YES;
				CLANG_WARN_OBJC_IMPLICIT_RETAIN_SELF = YES;
				CLANG_WARN_OBJC_LITERAL_CONVERSION = YES;
				CLANG_WARN_OBJC_ROOT_CLASS = YES_ERROR;
				CLANG_WARN_RANGE_LOOP_ANALYSIS = YES;
				CLANG_WARN_STRICT_PROTOTYPES = YES;
				CLANG_WARN_SUSPICIOUS_MOVE = YES;
				CLANG_WARN_UNGUARDED_AVAILABILITY = YES_AGGRESSIVE;
				CLANG_WARN_UNREACHABLE_CODE = YES;
				CLANG_WARN__DUPLICATE_METHOD_MATCH = YES;
				CODE_SIGN_IDENTITY = "iPhone Developer";
				COPY_PHASE_STRIP = NO;
				DEBUG_INFORMATION_FORMAT = "dwarf-with-dsym";
				ENABLE_NS_ASSERTIONS = NO;
				ENABLE_STRICT_OBJC_MSGSEND = YES;
				GCC_C_LANGUAGE_STANDARD = gnu11;
				GCC_NO_COMMON_BLOCKS = YES;
				GCC_WARN_64_TO_32_BIT_CONVERSION = YES;
				GCC_WARN_ABOUT_RETURN_TYPE = YES_ERROR;
				GCC_WARN_UNDECLARED_SELECTOR = YES;
				GCC_WARN_UNINITIALIZED_AUTOS = YES_AGGRESSIVE;
				GCC_WARN_UNUSED_FUNCTION = YES;
				GCC_WARN_UNUSED_VARIABLE = YES;
				IPHONEOS_DEPLOYMENT_TARGET = 11.4;
				MTL_ENABLE_DEBUG_INFO = NO;
				SDKROOT = iphoneos;
				SWIFT_COMPILATION_MODE = wholemodule;
				SWIFT_OPTIMIZATION_LEVEL = "-O";
				VALIDATE_PRODUCT = YES;
			};
			name = Release;
		};
		A3CD1ED821B5840D0059396A /* Debug */ = {
			isa = XCBuildConfiguration;
			buildSettings = {
				ASSETCATALOG_COMPILER_APPICON_NAME = AppIcon;
				CODE_SIGN_STYLE = Automatic;
				DEVELOPMENT_TEAM = SUBZ24DP5B;
				INFOPLIST_FILE = InventoryApp/Info.plist;
				LD_RUNPATH_SEARCH_PATHS = (
					"$(inherited)",
					"@executable_path/Frameworks",
				);
				PRODUCT_BUNDLE_IDENTIFIER = com.InventoryApp;
				PRODUCT_NAME = "$(TARGET_NAME)";
				SWIFT_VERSION = 4.0;
				TARGETED_DEVICE_FAMILY = "1,2";
			};
			name = Debug;
		};
		A3CD1ED921B5840D0059396A /* Release */ = {
			isa = XCBuildConfiguration;
			buildSettings = {
				ASSETCATALOG_COMPILER_APPICON_NAME = AppIcon;
				CODE_SIGN_STYLE = Automatic;
				DEVELOPMENT_TEAM = SUBZ24DP5B;
				INFOPLIST_FILE = InventoryApp/Info.plist;
				LD_RUNPATH_SEARCH_PATHS = (
					"$(inherited)",
					"@executable_path/Frameworks",
				);
				PRODUCT_BUNDLE_IDENTIFIER = com.InventoryApp;
				PRODUCT_NAME = "$(TARGET_NAME)";
				SWIFT_VERSION = 4.0;
				TARGETED_DEVICE_FAMILY = "1,2";
			};
			name = Release;
		};
		A3CD1EDB21B5840D0059396A /* Debug */ = {
			isa = XCBuildConfiguration;
			buildSettings = {
				ALWAYS_EMBED_SWIFT_STANDARD_LIBRARIES = YES;
				BUNDLE_LOADER = "$(TEST_HOST)";
				CODE_SIGN_STYLE = Automatic;
				DEVELOPMENT_TEAM = SUBZ24DP5B;
				INFOPLIST_FILE = InventoryAppTests/Info.plist;
				LD_RUNPATH_SEARCH_PATHS = (
					"$(inherited)",
					"@executable_path/Frameworks",
					"@loader_path/Frameworks",
				);
				PRODUCT_BUNDLE_IDENTIFIER = com.InventoryAppTests;
				PRODUCT_NAME = "$(TARGET_NAME)";
				SWIFT_VERSION = 4.0;
				TARGETED_DEVICE_FAMILY = "1,2";
				TEST_HOST = "$(BUILT_PRODUCTS_DIR)/InventoryApp.app/InventoryApp";
			};
			name = Debug;
		};
		A3CD1EDC21B5840D0059396A /* Release */ = {
			isa = XCBuildConfiguration;
			buildSettings = {
				ALWAYS_EMBED_SWIFT_STANDARD_LIBRARIES = YES;
				BUNDLE_LOADER = "$(TEST_HOST)";
				CODE_SIGN_STYLE = Automatic;
				DEVELOPMENT_TEAM = SUBZ24DP5B;
				INFOPLIST_FILE = InventoryAppTests/Info.plist;
				LD_RUNPATH_SEARCH_PATHS = (
					"$(inherited)",
					"@executable_path/Frameworks",
					"@loader_path/Frameworks",
				);
				PRODUCT_BUNDLE_IDENTIFIER = com.InventoryAppTests;
				PRODUCT_NAME = "$(TARGET_NAME)";
				SWIFT_VERSION = 4.0;
				TARGETED_DEVICE_FAMILY = "1,2";
				TEST_HOST = "$(BUILT_PRODUCTS_DIR)/InventoryApp.app/InventoryApp";
			};
			name = Release;
		};
/* End XCBuildConfiguration section */

/* Begin XCConfigurationList section */
		A3CD1EB221B5840A0059396A /* Build configuration list for PBXProject "InventoryApp" */ = {
			isa = XCConfigurationList;
			buildConfigurations = (
				A3CD1ED521B5840D0059396A /* Debug */,
				A3CD1ED621B5840D0059396A /* Release */,
			);
			defaultConfigurationIsVisible = 0;
			defaultConfigurationName = Release;
		};
		A3CD1ED721B5840D0059396A /* Build configuration list for PBXNativeTarget "InventoryApp" */ = {
			isa = XCConfigurationList;
			buildConfigurations = (
				A3CD1ED821B5840D0059396A /* Debug */,
				A3CD1ED921B5840D0059396A /* Release */,
			);
			defaultConfigurationIsVisible = 0;
			defaultConfigurationName = Release;
		};
		A3CD1EDA21B5840D0059396A /* Build configuration list for PBXNativeTarget "InventoryAppTests" */ = {
			isa = XCConfigurationList;
			buildConfigurations = (
				A3CD1EDB21B5840D0059396A /* Debug */,
				A3CD1EDC21B5840D0059396A /* Release */,
			);
			defaultConfigurationIsVisible = 0;
			defaultConfigurationName = Release;
		};
/* End XCConfigurationList section */

/* Begin XCVersionGroup section */
		A3CD1EC121B5840A0059396A /* InventoryApp.xcdatamodeld */ = {
			isa = XCVersionGroup;
			children = (
				A3CD1EC221B5840A0059396A /* InventoryApp.xcdatamodel */,
			);
			currentVersion = A3CD1EC221B5840A0059396A /* InventoryApp.xcdatamodel */;
			path = InventoryApp.xcdatamodeld;
			sourceTree = "<group>";
			versionGroupType = wrapper.xcdatamodel;
		};
/* End XCVersionGroup section */
	};
	rootObject = A3CD1EAF21B5840A0059396A /* Project object */;
}
